
Microsoft Visual Studio Solution File, Format Version 12.00
# Visual Studio Version 17
VisualStudioVersion = 17.6.33723.286
MinimumVisualStudioVersion = 10.0.40219.1
Project("{FAE04EC0-301F-11D3-BF4B-00C04F79EFBC}") = "RSSReader", "RSSReader\RSSReader.csproj", "{D002AE26-61A2-4037-9073-C6226D08F6EB}"
EndProject
Global
	GlobalSection(SolutionConfigurationPlatforms) = preSolution
		Debug|Any CPU = Debug|Any CPU
		Release|Any CPU = Release|Any CPU
	EndGlobalSection
	GlobalSection(ProjectConfigurationPlatforms) = postSolution
		{D002AE26-61A2-4037-9073-C6226D08F6EB}.Debug|Any CPU.ActiveCfg = Debug|Any CPU
		{D002AE26-61A2-4037-9073-C6226D08F6EB}.Debug|Any CPU.Build.0 = Debug|Any CPU
		{D002AE26-61A2-4037-9073-C6226D08F6EB}.Release|Any CPU.ActiveCfg = Release|Any CPU
		{D002AE26-61A2-4037-9073-C6226D08F6EB}.Release|Any CPU.Build.0 = Release|Any CPU
	EndGlobalSection
	GlobalSection(SolutionProperties) = preSolution
		HideSolutionNode = FALSE
	EndGlobalSection
	GlobalSection(ExtensibilityGlobals) = postSolution
		SolutionGuid = {2AEC5F2F-BBE9-408B-9528-30BEF479EEC4}
	EndGlobalSection
EndGlobal
